
Microsoft Visual Studio Solution File, Format Version 12.00
# Visual Studio Version 17
VisualStudioVersion = 17.14.36623.8 d17.14
MinimumVisualStudioVersion = 10.0.40219.1
Project("{FAE04EC0-301F-11D3-BF4B-00C04F79EFBC}") = "W3Schools", "W3Schools.csproj", "{6530E306-4407-443D-8B76-FFF920793961}"
EndProject
Global
	GlobalSection(SolutionConfigurationPlatforms) = preSolution
		Debug|Any CPU = Debug|Any CPU
		Release|Any CPU = Release|Any CPU
	EndGlobalSection
	GlobalSection(ProjectConfigurationPlatforms) = postSolution
		{6530E306-4407-443D-8B76-FFF920793961}.Debug|Any CPU.ActiveCfg = Debug|Any CPU
		{6530E306-4407-443D-8B76-FFF920793961}.Debug|Any CPU.Build.0 = Debug|Any CPU
		{6530E306-4407-443D-8B76-FFF920793961}.Release|Any CPU.ActiveCfg = Release|Any CPU
		{6530E306-4407-443D-8B76-FFF920793961}.Release|Any CPU.Build.0 = Release|Any CPU
	EndGlobalSection
	GlobalSection(SolutionProperties) = preSolution
		HideSolutionNode = FALSE
	EndGlobalSection
	GlobalSection(ExtensibilityGlobals) = postSolution
		SolutionGuid = {7D9C6EF6-97DF-474E-B2A8-5D52E49E5D3D}
	EndGlobalSection
EndGlobal
